dependencies:
- name: mariadb
  repository: file://../mariadb
  version: 1.0.0
- name: mariadb
  repository: file://../mariadb
  version: 1.0.0
- name: mariadb
  repository: file://../mariadb
  version: 1.0.0
- name: mariadb
  repository: file://../mariadb
  version: 1.0.0
- name: mariadb
  repository: file://../mariadb
  version: 1.0.0
- name: mariadb
  repository: file://../mariadb
  version: 1.0.0
- name: nats
  repository: https://nats-io.github.io/k8s/helm/charts/
  version: 1.2.6
digest: sha256:f9656c178aee9dbb7f8deec657546613d62653d0f464cc9eb850874d68088e23
generated: "2026-08-27T05:14:35.344494412Z"
